{
  "name": "Quiz-App-REST-API-TS-Mongoose",
  "lockfileVersion": 3,
  "requires": true,
  "packages": {
    "": {
      "dependencies": {
        "nodemailer": "^6.9.7"
      }
    },
    "node_modules/nodemailer": {
      "version": "6.9.7",
      "resolved": "https://registry.npmjs.org/nodemailer/-/nodemailer-6.9.7.tgz",
      "integrity": "sha512-rUtR77ksqex/eZRLmQ21LKVH5nAAsVicAtAYudK7JgwenEDZ0UIQ1adUGqErz7sMkWYxWTTU1aeP2Jga6WQyJw==",
      "engines": {
        "node": ">=6.0.0"
      }
    }
  }
}
